{
  "name": "node-charlotte",
  "version": "0.0.7",
  "lockfileVersion": 1,
  "requires": true,
  "dependencies": {
    "@gml/timeseries": {
      "version": "0.0.4",
      "resolved": "https://registry.npmjs.org/@gml/timeseries/-/timeseries-0.0.4.tgz",
      "integrity": "sha512-eZizJulaPQkxgZb23oiJlJuuDu2TEpCz4ZzIBVPynKnoiCyRZqo4GMhQ4GNEO+4aqzlgXqBMDAdNmyTgUNagxA=="
    },
    "geolib": {
      "version": "3.3.1",
      "resolved": "https://registry.npmjs.org/geolib/-/geolib-3.3.1.tgz",
      "integrity": "sha512-sfahBXFcgELdpumDZV5b3KWiINkZxC5myAkLk067UUcTmTXaiE9SWmxMEHztn/Eus4JX6kesHxaIuZlniYgUtg=="
    },
    "node-fetch": {
      "version": "2.6.1",
      "resolved": "https://registry.npmjs.org/node-fetch/-/node-fetch-2.6.1.tgz",
      "integrity": "sha512-V4aYg89jEoVRxRb2fJdAg8FHvI7cEyYdVAh94HH0UIK8oJxUfkjlDQN9RbMx+bEjP7+ggMiFRprSti032Oipxw=="
    }
  }
}
